
Microsoft Visual Studio Solution File, Format Version 12.00
# Visual Studio Version 17
VisualStudioVersion = 17.3.32922.545
MinimumVisualStudioVersion = 10.0.40219.1
Project("{FAE04EC0-301F-11D3-BF4B-00C04F79EFBC}") = "Program 4", "Program 4\Program 4.csproj", "{A653DB45-58AB-4ECA-B847-B37AB75B2285}"
EndProject
Global
	GlobalSection(SolutionConfigurationPlatforms) = preSolution
		Debug|Any CPU = Debug|Any CPU
		Release|Any CPU = Release|Any CPU
	EndGlobalSection
	GlobalSection(ProjectConfigurationPlatforms) = postSolution
		{A653DB45-58AB-4ECA-B847-B37AB75B2285}.Debug|Any CPU.ActiveCfg = Debug|Any CPU
		{A653DB45-58AB-4ECA-B847-B37AB75B2285}.Debug|Any CPU.Build.0 = Debug|Any CPU
		{A653DB45-58AB-4ECA-B847-B37AB75B2285}.Release|Any CPU.ActiveCfg = Release|Any CPU
		{A653DB45-58AB-4ECA-B847-B37AB75B2285}.Release|Any CPU.Build.0 = Release|Any CPU
	EndGlobalSection
	GlobalSection(SolutionProperties) = preSolution
		HideSolutionNode = FALSE
	EndGlobalSection
	GlobalSection(ExtensibilityGlobals) = postSolution
		SolutionGuid = {14CF0060-1663-49B1-98D2-1A3F4662837F}
	EndGlobalSection
EndGlobal
