
Microsoft Visual Studio Solution File, Format Version 12.00
# Visual Studio Version 17
VisualStudioVersion = 17.4.33213.308
MinimumVisualStudioVersion = 10.0.40219.1
Project("{9A19103F-16F7-4668-BE54-9A1E7A4F7556}") = "Program1", "lab_3_implementation\Program1.csproj", "{FB552D98-6C87-463A-9BAA-82F19E9C9305}"
EndProject
Global
	GlobalSection(SolutionConfigurationPlatforms) = preSolution
		Debug|Any CPU = Debug|Any CPU
		Release|Any CPU = Release|Any CPU
	EndGlobalSection
	GlobalSection(ProjectConfigurationPlatforms) = postSolution
		{FB552D98-6C87-463A-9BAA-82F19E9C9305}.Debug|Any CPU.ActiveCfg = Debug|Any CPU
		{FB552D98-6C87-463A-9BAA-82F19E9C9305}.Debug|Any CPU.Build.0 = Debug|Any CPU
		{FB552D98-6C87-463A-9BAA-82F19E9C9305}.Release|Any CPU.ActiveCfg = Release|Any CPU
		{FB552D98-6C87-463A-9BAA-82F19E9C9305}.Release|Any CPU.Build.0 = Release|Any CPU
	EndGlobalSection
	GlobalSection(SolutionProperties) = preSolution
		HideSolutionNode = FALSE
	EndGlobalSection
	GlobalSection(ExtensibilityGlobals) = postSolution
		SolutionGuid = {4CBCA73A-8BCE-4965-9DE2-B0A9B3BE1841}
	EndGlobalSection
EndGlobal
