
Microsoft Visual Studio Solution File, Format Version 12.00
# Visual Studio Version 17
VisualStudioVersion = 17.4.33213.308
MinimumVisualStudioVersion = 10.0.40219.1
Project("{FAE04EC0-301F-11D3-BF4B-00C04F79EFBC}") = "lab_2", "lab_2\lab_2.csproj", "{E9178229-4A29-43B9-97EC-949A3BF871B3}"
EndProject
Global
	GlobalSection(SolutionConfigurationPlatforms) = preSolution
		Debug|Any CPU = Debug|Any CPU
		Release|Any CPU = Release|Any CPU
	EndGlobalSection
	GlobalSection(ProjectConfigurationPlatforms) = postSolution
		{E9178229-4A29-43B9-97EC-949A3BF871B3}.Debug|Any CPU.ActiveCfg = Debug|Any CPU
		{E9178229-4A29-43B9-97EC-949A3BF871B3}.Debug|Any CPU.Build.0 = Debug|Any CPU
		{E9178229-4A29-43B9-97EC-949A3BF871B3}.Release|Any CPU.ActiveCfg = Release|Any CPU
		{E9178229-4A29-43B9-97EC-949A3BF871B3}.Release|Any CPU.Build.0 = Release|Any CPU
	EndGlobalSection
	GlobalSection(SolutionProperties) = preSolution
		HideSolutionNode = FALSE
	EndGlobalSection
	GlobalSection(ExtensibilityGlobals) = postSolution
		SolutionGuid = {B4A406B7-1DDB-4D17-AFD5-6ED6D617A948}
	EndGlobalSection
EndGlobal
