
Microsoft Visual Studio Solution File, Format Version 12.00
# Visual Studio Version 17
VisualStudioVersion = 17.4.33213.308
MinimumVisualStudioVersion = 10.0.40219.1
Project("{FAE04EC0-301F-11D3-BF4B-00C04F79EFBC}") = "Program3", "Program3\Program3.csproj", "{CEFED586-153C-44BF-B302-7C98383B5F77}"
EndProject
Global
	GlobalSection(SolutionConfigurationPlatforms) = preSolution
		Debug|Any CPU = Debug|Any CPU
		Release|Any CPU = Release|Any CPU
	EndGlobalSection
	GlobalSection(ProjectConfigurationPlatforms) = postSolution
		{CEFED586-153C-44BF-B302-7C98383B5F77}.Debug|Any CPU.ActiveCfg = Debug|Any CPU
		{CEFED586-153C-44BF-B302-7C98383B5F77}.Debug|Any CPU.Build.0 = Debug|Any CPU
		{CEFED586-153C-44BF-B302-7C98383B5F77}.Release|Any CPU.ActiveCfg = Release|Any CPU
		{CEFED586-153C-44BF-B302-7C98383B5F77}.Release|Any CPU.Build.0 = Release|Any CPU
	EndGlobalSection
	GlobalSection(SolutionProperties) = preSolution
		HideSolutionNode = FALSE
	EndGlobalSection
	GlobalSection(ExtensibilityGlobals) = postSolution
		SolutionGuid = {B66DC684-802A-438A-B244-992D36FEAF88}
	EndGlobalSection
EndGlobal
